<?xml version="1.0" encoding="utf-8"?>
<Project ToolsVersion="4.0" xmlns="http://schemas.microsoft.com/developer/msbuild/2003">
  <ItemGroup>
    <Filter Include="Quelldateien">
      <UniqueIdentifier>{4FC737F1-C7A5-4376-A066-2A32D752A2FF}</UniqueIdentifier>
      <Extensions>cpp;c;cc;cxx;def;odl;idl;hpj;bat;asm;asmx</Extensions>
    </Filter>
    <Filter Include="Headerdateien">
      <UniqueIdentifier>{93995380-89BD-4b04-88EB-625FBE52EBFB}</UniqueIdentifier>
      <Extensions>h;hh;hpp;hxx;hm;inl;inc;xsd</Extensions>
    </Filter>
    <Filter Include="Ressourcendateien">
      <UniqueIdentifier>{67DA6AB6-F800-4c08-8B7A-83BB121AAD01}</UniqueIdentifier>
      <Extensions>rc;ico;cur;bmp;dlg;rc2;rct;bin;rgs;gif;jpg;jpeg;jpe;resx;tiff;tif;png;wav;mfcribbon-ms</Extensions>
    </Filter>
  </ItemGroup>
  <ItemGroup>
    <ClInclude Include="include\ft2build.h">
      <Filter>Headerdateien</Filter>
    </ClInclude>
    <ClInclude Include="include\freetype\freetype.h">
      <Filter>Headerdateien</Filter>
    </ClInclude>
    <ClInclude Include="include\freetype\ftadvanc.h">
      <Filter>Headerdateien</Filter>
    </ClInclude>
    <ClInclude Include="include\freetype\ftautoh.h">
      <Filter>Headerdateien</Filter>
    </ClInclude>
    <ClInclude Include="include\freetype\ftbbox.h">
      <Filter>Headerdateien</Filter>
    </ClInclude>
    <ClInclude Include="include\freetype\ftbdf.h">
      <Filter>Headerdateien</Filter>
    </ClInclude>
    <ClInclude Include="include\freetype\ftbitmap.h">
      <Filter>Headerdateien</Filter>
    </ClInclude>
    <ClInclude Include="include\freetype\ftbzip2.h">
      <Filter>Headerdateien</Filter>
    </ClInclude>
    <ClInclude Include="include\freetype\ftcache.h">
      <Filter>Headerdateien</Filter>
    </ClInclude>
    <ClInclude Include="include\freetype\ftcffdrv.h">
      <Filter>Headerdateien</Filter>
    </ClInclude>
    <ClInclude Include="include\freetype\ftchapters.h">
      <Filter>Headerdateien</Filter>
    </ClInclude>
    <ClInclude Include="include\freetype\ftcid.h">
      <Filter>Headerdateien</Filter>
    </ClInclude>
    <ClInclude Include="include\freetype\fterrdef.h">
      <Filter>Headerdateien</Filter>
    </ClInclude>
    <ClInclude Include="include\freetype\fterrors.h">
      <Filter>Headerdateien</Filter>
    </ClInclude>
    <ClInclude Include="include\freetype\ftfntfmt.h">
      <Filter>Headerdateien</Filter>
    </ClInclude>
    <ClInclude Include="include\freetype\ftgasp.h">
      <Filter>Headerdateien</Filter>
    </ClInclude>
    <ClInclude Include="include\freetype\ftglyph.h">
      <Filter>Headerdateien</Filter>
    </ClInclude>
    <ClInclude Include="include\freetype\ftgxval.h">
      <Filter>Headerdateien</Filter>
    </ClInclude>
    <ClInclude Include="include\freetype\ftgzip.h">
      <Filter>Headerdateien</Filter>
    </ClInclude>
    <ClInclude Include="include\freetype\ftimage.h">
      <Filter>Headerdateien</Filter>
    </ClInclude>
    <ClInclude Include="include\freetype\ftincrem.h">
      <Filter>Headerdateien</Filter>
    </ClInclude>
    <ClInclude Include="include\freetype\ftlcdfil.h">
      <Filter>Headerdateien</Filter>
    </ClInclude>
    <ClInclude Include="include\freetype\ftlist.h">
      <Filter>Headerdateien</Filter>
    </ClInclude>
    <ClInclude Include="include\freetype\ftlzw.h">
      <Filter>Headerdateien</Filter>
    </ClInclude>
    <ClInclude Include="include\freetype\ftmac.h">
      <Filter>Headerdateien</Filter>
    </ClInclude>
    <ClInclude Include="include\freetype\ftmm.h">
      <Filter>Headerdateien</Filter>
    </ClInclude>
    <ClInclude Include="include\freetype\ftmodapi.h">
      <Filter>Headerdateien</Filter>
    </ClInclude>
    <ClInclude Include="include\freetype\ftmoderr.h">
      <Filter>Headerdateien</Filter>
    </ClInclude>
    <ClInclude Include="include\freetype\ftotval.h">
      <Filter>Headerdateien</Filter>
    </ClInclude>
    <ClInclude Include="include\freetype\ftoutln.h">
      <Filter>Headerdateien</Filter>
    </ClInclude>
    <ClInclude Include="include\freetype\ftpcfdrv.h">
      <Filter>Headerdateien</Filter>
    </ClInclude>
    <ClInclude Include="include\freetype\ftpfr.h">
      <Filter>Headerdateien</Filter>
    </ClInclude>
    <ClInclude Include="include\freetype\ftrender.h">
      <Filter>Headerdateien</Filter>
    </ClInclude>
    <ClInclude Include="include\freetype\ftsizes.h">
      <Filter>Headerdateien</Filter>
    </ClInclude>
    <ClInclude Include="include\freetype\ftsnames.h">
      <Filter>Headerdateien</Filter>
    </ClInclude>
    <ClInclude Include="include\freetype\ftstroke.h">
      <Filter>Headerdateien</Filter>
    </ClInclude>
    <ClInclude Include="include\freetype\ftsynth.h">
      <Filter>Headerdateien</Filter>
    </ClInclude>
    <ClInclude Include="include\freetype\ftsystem.h">
      <Filter>Headerdateien</Filter>
    </ClInclude>
    <ClInclude Include="include\freetype\fttrigon.h">
      <Filter>Headerdateien</Filter>
    </ClInclude>
    <ClInclude Include="include\freetype\ftttdrv.h">
      <Filter>Headerdateien</Filter>
    </ClInclude>
    <ClInclude Include="include\freetype\fttypes.h">
      <Filter>Headerdateien</Filter>
    </ClInclude>
    <ClInclude Include="include\freetype\ftwinfnt.h">
      <Filter>Headerdateien</Filter>
    </ClInclude>
    <ClInclude Include="include\freetype\t1tables.h">
      <Filter>Headerdateien</Filter>
    </ClInclude>
    <ClInclude Include="include\freetype\ttnameid.h">
      <Filter>Headerdateien</Filter>
    </ClInclude>
    <ClInclude Include="include\freetype\tttables.h">
      <Filter>Headerdateien</Filter>
    </ClInclude>
    <ClInclude Include="include\freetype\tttags.h">
      <Filter>Headerdateien</Filter>
    </ClInclude>
    <ClInclude Include="include\freetype\ttunpat.h">
      <Filter>Headerdateien</Filter>
    </ClInclude>
    <ClInclude Include="include\freetype\config\ftconfig.h">
      <Filter>Headerdateien</Filter>
    </ClInclude>
    <ClInclude Include="include\freetype\config\ftheader.h">
      <Filter>Headerdateien</Filter>
    </ClInclude>
    <ClInclude Include="include\freetype\config\ftmodule.h">
      <Filter>Headerdateien</Filter>
    </ClInclude>
    <ClInclude Include="include\freetype\config\ftoption.h">
      <Filter>Headerdateien</Filter>
    </ClInclude>
    <ClInclude Include="include\freetype\config\ftstdlib.h">
      <Filter>Headerdateien</Filter>
    </ClInclude>
    <ClInclude Include="include\freetype\internal\autohint.h">
      <Filter>Headerdateien</Filter>
    </ClInclude>
    <ClInclude Include="include\freetype\internal\ftcalc.h">
      <Filter>Headerdateien</Filter>
    </ClInclude>
    <ClInclude Include="include\freetype\internal\ftdebug.h">
      <Filter>Headerdateien</Filter>
    </ClInclude>
    <ClInclude Include="include\freetype\internal\ftdriver.h">
      <Filter>Headerdateien</Filter>
    </ClInclude>
    <ClInclude Include="include\freetype\internal\ftgloadr.h">
      <Filter>Headerdateien</Filter>
    </ClInclude>
    <ClInclude Include="include\freetype\internal\fthash.h">
      <Filter>Headerdateien</Filter>
    </ClInclude>
    <ClInclude Include="include\freetype\internal\ftmemory.h">
      <Filter>Headerdateien</Filter>
    </ClInclude>
    <ClInclude Include="include\freetype\internal\ftobjs.h">
      <Filter>Headerdateien</Filter>
    </ClInclude>
    <ClInclude Include="include\freetype\internal\ftpic.h">
      <Filter>Headerdateien</Filter>
    </ClInclude>
    <ClInclude Include="include\freetype\internal\ftrfork.h">
      <Filter>Headerdateien</Filter>
    </ClInclude>
    <ClInclude Include="include\freetype\internal\ftserv.h">
      <Filter>Headerdateien</Filter>
    </ClInclude>
    <ClInclude Include="include\freetype\internal\ftstream.h">
      <Filter>Headerdateien</Filter>
    </ClInclude>
    <ClInclude Include="include\freetype\internal\fttrace.h">
      <Filter>Headerdateien</Filter>
    </ClInclude>
    <ClInclude Include="include\freetype\internal\ftvalid.h">
      <Filter>Headerdateien</Filter>
    </ClInclude>
    <ClInclude Include="include\freetype\internal\internal.h">
      <Filter>Headerdateien</Filter>
    </ClInclude>
    <ClInclude Include="include\freetype\internal\psaux.h">
      <Filter>Headerdateien</Filter>
    </ClInclude>
    <ClInclude Include="include\freetype\internal\pshints.h">
      <Filter>Headerdateien</Filter>
    </ClInclude>
    <ClInclude Include="include\freetype\internal\sfnt.h">
      <Filter>Headerdateien</Filter>
    </ClInclude>
    <ClInclude Include="include\freetype\internal\t1types.h">
      <Filter>Headerdateien</Filter>
    </ClInclude>
    <ClInclude Include="include\freetype\internal\tttypes.h">
      <Filter>Headerdateien</Filter>
    </ClInclude>
  </ItemGroup>
  <ItemGroup>
    <ClCompile Include="src\autofit\autofit.c">
      <Filter>Quelldateien</Filter>
    </ClCompile>
    <ClCompile Include="src\base\ftbase.c">
      <Filter>Quelldateien</Filter>
    </ClCompile>
    <ClCompile Include="src\base\ftbbox.c">
      <Filter>Quelldateien</Filter>
    </ClCompile>
    <ClCompile Include="src\base\ftbdf.c">
      <Filter>Quelldateien</Filter>
    </ClCompile>
    <ClCompile Include="src\base\ftbitmap.c">
      <Filter>Quelldateien</Filter>
    </ClCompile>
    <ClCompile Include="src\base\ftcid.c">
      <Filter>Quelldateien</Filter>
    </ClCompile>
    <ClCompile Include="src\base\ftfntfmt.c">
      <Filter>Quelldateien</Filter>
    </ClCompile>
    <ClCompile Include="src\base\ftfstype.c">
      <Filter>Quelldateien</Filter>
    </ClCompile>
    <ClCompile Include="src\base\ftgasp.c">
      <Filter>Quelldateien</Filter>
    </ClCompile>
    <ClCompile Include="src\base\ftglyph.c">
      <Filter>Quelldateien</Filter>
    </ClCompile>
    <ClCompile Include="src\base\ftgxval.c">
      <Filter>Quelldateien</Filter>
    </ClCompile>
    <ClCompile Include="src\base\ftinit.c">
      <Filter>Quelldateien</Filter>
    </ClCompile>
    <ClCompile Include="src\base\ftlcdfil.c">
      <Filter>Quelldateien</Filter>
    </ClCompile>
    <ClCompile Include="src\base\ftmm.c">
      <Filter>Quelldateien</Filter>
    </ClCompile>
    <ClCompile Include="src\base\ftotval.c">
      <Filter>Quelldateien</Filter>
    </ClCompile>
    <ClCompile Include="src\base\ftpatent.c">
      <Filter>Quelldateien</Filter>
    </ClCompile>
    <ClCompile Include="src\base\ftpfr.c">
      <Filter>Quelldateien</Filter>
    </ClCompile>
    <ClCompile Include="src\base\ftrfork.c">
      <Filter>Quelldateien</Filter>
    </ClCompile>
    <ClCompile Include="src\base\ftsynth.c">
      <Filter>Quelldateien</Filter>
    </ClCompile>
    <ClCompile Include="src\base\ftsystem.c">
      <Filter>Quelldateien</Filter>
    </ClCompile>
    <ClCompile Include="src\base\fttype1.c">
      <Filter>Quelldateien</Filter>
    </ClCompile>
    <ClCompile Include="src\base\ftwinfnt.c">
      <Filter>Quelldateien</Filter>
    </ClCompile>
    <ClCompile Include="src\bdf\bdf.c">
      <Filter>Quelldateien</Filter>
    </ClCompile>
    <ClCompile Include="src\bzip2\ftbzip2.c">
      <Filter>Quelldateien</Filter>
    </ClCompile>
    <ClCompile Include="src\cache\ftcache.c">
      <Filter>Quelldateien</Filter>
    </ClCompile>
    <ClCompile Include="src\cff\cff.c">
      <Filter>Quelldateien</Filter>
    </ClCompile>
    <ClCompile Include="src\cid\type1cid.c">
      <Filter>Quelldateien</Filter>
    </ClCompile>
    <ClCompile Include="src\gzip\ftgzip.c">
      <Filter>Quelldateien</Filter>
    </ClCompile>
    <ClCompile Include="src\lzw\ftlzw.c">
      <Filter>Quelldateien</Filter>
    </ClCompile>
    <ClCompile Include="src\pcf\pcf.c">
      <Filter>Quelldateien</Filter>
    </ClCompile>
    <ClCompile Include="src\pfr\pfr.c">
      <Filter>Quelldateien</Filter>
    </ClCompile>
    <ClCompile Include="src\psaux\psaux.c">
      <Filter>Quelldateien</Filter>
    </ClCompile>
    <ClCompile Include="src\pshinter\pshinter.c">
      <Filter>Quelldateien</Filter>
    </ClCompile>
    <ClCompile Include="src\psnames\psnames.c">
      <Filter>Quelldateien</Filter>
    </ClCompile>
    <ClCompile Include="src\raster\raster.c">
      <Filter>Quelldateien</Filter>
    </ClCompile>
    <ClCompile Include="src\sfnt\sfnt.c">
      <Filter>Quelldateien</Filter>
    </ClCompile>
    <ClCompile Include="src\smooth\smooth.c">
      <Filter>Quelldateien</Filter>
    </ClCompile>
    <ClCompile Include="src\truetype\truetype.c">
      <Filter>Quelldateien</Filter>
    </ClCompile>
    <ClCompile Include="src\type1\type1.c">
      <Filter>Quelldateien</Filter>
    </ClCompile>
    <ClCompile Include="src\type42\type42.c">
      <Filter>Quelldateien</Filter>
    </ClCompile>
    <ClCompile Include="src\winfonts\winfnt.c">
      <Filter>Quelldateien</Filter>
    </ClCompile>
  </ItemGroup>
</Project>